
Microsoft Visual Studio Solution File, Format Version 12.00
# Visual Studio Version 17
VisualStudioVersion = 17.4.33213.308
MinimumVisualStudioVersion = 10.0.40219.1
Project("{9A19103F-16F7-4668-BE54-9A1E7A4F7556}") = "Capys.Pleno.Api", "Capys.Pleno\Capys.Pleno.Api.csproj", "{E6082EEE-D9A6-4F7B-A88C-224A8815282A}"
EndProject
Project("{FAE04EC0-301F-11D3-BF4B-00C04F79EFBC}") = "Capys.Pleno.DAL", "Capys.Pleno.DAL\Capys.Pleno.DAL.csproj", "{ED160A4F-743E-4AEB-8B93-6B00A97742DC}"
EndProject
Global
	GlobalSection(SolutionConfigurationPlatforms) = preSolution
		Debug|Any CPU = Debug|Any CPU
		Release|Any CPU = Release|Any CPU
	EndGlobalSection
	GlobalSection(ProjectConfigurationPlatforms) = postSolution
		{E6082EEE-D9A6-4F7B-A88C-224A8815282A}.Debug|Any CPU.ActiveCfg = Debug|Any CPU
		{E6082EEE-D9A6-4F7B-A88C-224A8815282A}.Debug|Any CPU.Build.0 = Debug|Any CPU
		{E6082EEE-D9A6-4F7B-A88C-224A8815282A}.Release|Any CPU.ActiveCfg = Release|Any CPU
		{E6082EEE-D9A6-4F7B-A88C-224A8815282A}.Release|Any CPU.Build.0 = Release|Any CPU
		{ED160A4F-743E-4AEB-8B93-6B00A97742DC}.Debug|Any CPU.ActiveCfg = Debug|Any CPU
		{ED160A4F-743E-4AEB-8B93-6B00A97742DC}.Debug|Any CPU.Build.0 = Debug|Any CPU
		{ED160A4F-743E-4AEB-8B93-6B00A97742DC}.Release|Any CPU.ActiveCfg = Release|Any CPU
		{ED160A4F-743E-4AEB-8B93-6B00A97742DC}.Release|Any CPU.Build.0 = Release|Any CPU
	EndGlobalSection
	GlobalSection(SolutionProperties) = preSolution
		HideSolutionNode = FALSE
	EndGlobalSection
	GlobalSection(ExtensibilityGlobals) = postSolution
		SolutionGuid = {A69D38E8-EFB4-4868-AB33-7F7D2C3C2BA2}
	EndGlobalSection
EndGlobal
